
Microsoft Visual Studio Solution File, Format Version 12.00
# Visual Studio 2017
Project("{FAE04EC0-301F-11D3-BF4B-00C04F79EFBC}") = "StoneOfAdventure", "StoneOfAdventure.csproj", "{51800A78-6A4B-C4DF-4AA3-2697A133A3A9}"
EndProject
Project("{FAE04EC0-301F-11D3-BF4B-00C04F79EFBC}") = "StoneOfAdventure.Editor", "StoneOfAdventure.Editor.csproj", "{72EEF048-5D30-CC19-4BAB-54FC1F080896}"
EndProject
Global
	GlobalSection(SolutionConfigurationPlatforms) = preSolution
		Debug|Any CPU = Debug|Any CPU
		Release|Any CPU = Release|Any CPU
	EndGlobalSection
	GlobalSection(ProjectConfigurationPlatforms) = postSolution
		{51800A78-6A4B-C4DF-4AA3-2697A133A3A9}.Debug|Any CPU.ActiveCfg = Debug|Any CPU
		{51800A78-6A4B-C4DF-4AA3-2697A133A3A9}.Debug|Any CPU.Build.0 = Debug|Any CPU
		{51800A78-6A4B-C4DF-4AA3-2697A133A3A9}.Release|Any CPU.ActiveCfg = Release|Any CPU
		{51800A78-6A4B-C4DF-4AA3-2697A133A3A9}.Release|Any CPU.Build.0 = Release|Any CPU
		{72EEF048-5D30-CC19-4BAB-54FC1F080896}.Debug|Any CPU.ActiveCfg = Debug|Any CPU
		{72EEF048-5D30-CC19-4BAB-54FC1F080896}.Debug|Any CPU.Build.0 = Debug|Any CPU
		{72EEF048-5D30-CC19-4BAB-54FC1F080896}.Release|Any CPU.ActiveCfg = Release|Any CPU
		{72EEF048-5D30-CC19-4BAB-54FC1F080896}.Release|Any CPU.Build.0 = Release|Any CPU
	EndGlobalSection
	GlobalSection(SolutionProperties) = preSolution
		HideSolutionNode = FALSE
	EndGlobalSection
EndGlobal
